
Microsoft Visual Studio Solution File, Format Version 12.00
# Visual Studio Version 16
VisualStudioVersion = 16.0.34601.136
MinimumVisualStudioVersion = 10.0.40219.1
Project("{FAE04EC0-301F-11D3-BF4B-00C04F79EFBC}") = "studyWPF", "studyWPF\studyWPF.csproj", "{BF93C7C0-77D6-4E7B-8669-0A419D557BB1}"
EndProject
Project("{FAE04EC0-301F-11D3-BF4B-00C04F79EFBC}") = "PropertyTriggerBasic", "PropertyTriggerBasic\PropertyTriggerBasic.csproj", "{A91D9162-3E4F-410D-A45F-63BC8EF93A22}"
EndProject
Global
	GlobalSection(SolutionConfigurationPlatforms) = preSolution
		Debug|Any CPU = Debug|Any CPU
		Release|Any CPU = Release|Any CPU
	EndGlobalSection
	GlobalSection(ProjectConfigurationPlatforms) = postSolution
		{BF93C7C0-77D6-4E7B-8669-0A419D557BB1}.Debug|Any CPU.ActiveCfg = Debug|Any CPU
		{BF93C7C0-77D6-4E7B-8669-0A419D557BB1}.Debug|Any CPU.Build.0 = Debug|Any CPU
		{BF93C7C0-77D6-4E7B-8669-0A419D557BB1}.Release|Any CPU.ActiveCfg = Release|Any CPU
		{BF93C7C0-77D6-4E7B-8669-0A419D557BB1}.Release|Any CPU.Build.0 = Release|Any CPU
		{A91D9162-3E4F-410D-A45F-63BC8EF93A22}.Debug|Any CPU.ActiveCfg = Debug|Any CPU
		{A91D9162-3E4F-410D-A45F-63BC8EF93A22}.Debug|Any CPU.Build.0 = Debug|Any CPU
		{A91D9162-3E4F-410D-A45F-63BC8EF93A22}.Release|Any CPU.ActiveCfg = Release|Any CPU
		{A91D9162-3E4F-410D-A45F-63BC8EF93A22}.Release|Any CPU.Build.0 = Release|Any CPU
	EndGlobalSection
	GlobalSection(SolutionProperties) = preSolution
		HideSolutionNode = FALSE
	EndGlobalSection
	GlobalSection(ExtensibilityGlobals) = postSolution
		SolutionGuid = {97B06BAB-47DD-409A-99C5-CED325ACF409}
	EndGlobalSection
EndGlobal
